
Microsoft Visual Studio Solution File, Format Version 12.00
# Visual Studio Version 17
VisualStudioVersion = 17.10.34928.147
MinimumVisualStudioVersion = 10.0.40219.1
Project("{FAE04EC0-301F-11D3-BF4B-00C04F79EFBC}") = "RentalSystem", "RentalSystem\RentalSystem.csproj", "{3F1353F1-E972-4E69-AAFD-B5E8C825B95D}"
EndProject
Project("{FAE04EC0-301F-11D3-BF4B-00C04F79EFBC}") = "RentalSystemTests", "RentalSystemTests\RentalSystemTests.csproj", "{AC7EF0B0-6B66-471C-84F5-5E6C43C3E5A0}"
EndProject
Global
	GlobalSection(SolutionConfigurationPlatforms) = preSolution
		Debug|Any CPU = Debug|Any CPU
		Release|Any CPU = Release|Any CPU
	EndGlobalSection
	GlobalSection(ProjectConfigurationPlatforms) = postSolution
		{3F1353F1-E972-4E69-AAFD-B5E8C825B95D}.Debug|Any CPU.ActiveCfg = Debug|Any CPU
		{3F1353F1-E972-4E69-AAFD-B5E8C825B95D}.Debug|Any CPU.Build.0 = Debug|Any CPU
		{3F1353F1-E972-4E69-AAFD-B5E8C825B95D}.Release|Any CPU.ActiveCfg = Release|Any CPU
		{3F1353F1-E972-4E69-AAFD-B5E8C825B95D}.Release|Any CPU.Build.0 = Release|Any CPU
		{AC7EF0B0-6B66-471C-84F5-5E6C43C3E5A0}.Debug|Any CPU.ActiveCfg = Debug|Any CPU
		{AC7EF0B0-6B66-471C-84F5-5E6C43C3E5A0}.Debug|Any CPU.Build.0 = Debug|Any CPU
		{AC7EF0B0-6B66-471C-84F5-5E6C43C3E5A0}.Release|Any CPU.ActiveCfg = Release|Any CPU
		{AC7EF0B0-6B66-471C-84F5-5E6C43C3E5A0}.Release|Any CPU.Build.0 = Release|Any CPU
	EndGlobalSection
	GlobalSection(SolutionProperties) = preSolution
		HideSolutionNode = FALSE
	EndGlobalSection
	GlobalSection(ExtensibilityGlobals) = postSolution
		SolutionGuid = {40506C3E-F4BF-44AF-942B-7A4D20BECC8A}
	EndGlobalSection
EndGlobal
